
Microsoft Visual Studio Solution File, Format Version 12.00
# Visual Studio 15
VisualStudioVersion = 15.0.28307.329
MinimumVisualStudioVersion = 10.0.40219.1
Project("{FAE04EC0-301F-11D3-BF4B-00C04F79EFBC}") = "ExitJail", "ExitJail\ExitJail.csproj", "{7704FF29-BBFA-48D8-928A-2797B458C029}"
EndProject
Global
	GlobalSection(SolutionConfigurationPlatforms) = preSolution
		Debug|Any CPU = Debug|Any CPU
		Release|Any CPU = Release|Any CPU
	EndGlobalSection
	GlobalSection(ProjectConfigurationPlatforms) = postSolution
		{7704FF29-BBFA-48D8-928A-2797B458C029}.Debug|Any CPU.ActiveCfg = Debug|Any CPU
		{7704FF29-BBFA-48D8-928A-2797B458C029}.Debug|Any CPU.Build.0 = Debug|Any CPU
		{7704FF29-BBFA-48D8-928A-2797B458C029}.Release|Any CPU.ActiveCfg = Release|Any CPU
		{7704FF29-BBFA-48D8-928A-2797B458C029}.Release|Any CPU.Build.0 = Release|Any CPU
	EndGlobalSection
	GlobalSection(SolutionProperties) = preSolution
		HideSolutionNode = FALSE
	EndGlobalSection
	GlobalSection(ExtensibilityGlobals) = postSolution
		SolutionGuid = {B4B08527-CF73-40C4-8236-CABD823503CE}
	EndGlobalSection
EndGlobal
